
Microsoft Visual Studio Solution File, Format Version 12.00
# Visual Studio Version 17
VisualStudioVersion = 17.11.35312.102
MinimumVisualStudioVersion = 10.0.40219.1
Project("{FAE04EC0-301F-11D3-BF4B-00C04F79EFBC}") = "StudentPortal.Web", "StudentPortal.Web\StudentPortal.Web.csproj", "{B0FBCAAE-313F-4900-99E0-FEDFFF903EAA}"
EndProject
Global
	GlobalSection(SolutionConfigurationPlatforms) = preSolution
		Debug|Any CPU = Debug|Any CPU
		Release|Any CPU = Release|Any CPU
	EndGlobalSection
	GlobalSection(ProjectConfigurationPlatforms) = postSolution
		{B0FBCAAE-313F-4900-99E0-FEDFFF903EAA}.Debug|Any CPU.ActiveCfg = Debug|Any CPU
		{B0FBCAAE-313F-4900-99E0-FEDFFF903EAA}.Debug|Any CPU.Build.0 = Debug|Any CPU
		{B0FBCAAE-313F-4900-99E0-FEDFFF903EAA}.Release|Any CPU.ActiveCfg = Release|Any CPU
		{B0FBCAAE-313F-4900-99E0-FEDFFF903EAA}.Release|Any CPU.Build.0 = Release|Any CPU
	EndGlobalSection
	GlobalSection(SolutionProperties) = preSolution
		HideSolutionNode = FALSE
	EndGlobalSection
	GlobalSection(ExtensibilityGlobals) = postSolution
		SolutionGuid = {602BCFB6-07E3-4A0A-9B62-C4A3EDBA3DC5}
	EndGlobalSection
EndGlobal
